{
  "name": "RWD_project",
  "lockfileVersion": 2,
  "requires": true,
  "packages": {
    "": {
      "dependencies": {
        "@xfl/date-format": "^1.0.1",
        "moment-lunar": "^0.0.4"
      }
    },
    "node_modules/@xfl/date-format": {
      "version": "1.0.1",
      "resolved": "https://registry.npmjs.org/@xfl/date-format/-/date-format-1.0.1.tgz",
      "integrity": "sha512-jjtF/hujQdu95j0UPuWT/+oHBvA4WxxsHQhYZOI5PMgf4tGFho7p30ZlFN5/7FTiPHmBzHQ5XRYzDrm0RhO07A=="
    },
    "node_modules/moment": {
      "version": "2.29.1",
      "resolved": "https://registry.npmjs.org/moment/-/moment-2.29.1.tgz",
      "integrity": "sha512-kHmoybcPV8Sqy59DwNDY3Jefr64lK/by/da0ViFcuA4DH0vQg5Q6Ze5VimxkfQNSC+Mls/Kx53s7TjP1RhFEDQ==",
      "engines": {
        "node": "*"
      }
    },
    "node_modules/moment-lunar": {
      "version": "0.0.4",
      "resolved": "https://registry.npmjs.org/moment-lunar/-/moment-lunar-0.0.4.tgz",
      "integrity": "sha512-8+20OOe4+4qpW6E74TqNYLW1Ri8C1BvJjrwsv5tm49SfQzh+b6YcPPn25xXb3JHIhYVAEwc5hvu0B7X8VdQukw==",
      "dependencies": {
        "moment": "^2.17.1"
      }
    }
  },
  "dependencies": {
    "@xfl/date-format": {
      "version": "1.0.1",
      "resolved": "https://registry.npmjs.org/@xfl/date-format/-/date-format-1.0.1.tgz",
      "integrity": "sha512-jjtF/hujQdu95j0UPuWT/+oHBvA4WxxsHQhYZOI5PMgf4tGFho7p30ZlFN5/7FTiPHmBzHQ5XRYzDrm0RhO07A=="
    },
    "moment": {
      "version": "2.29.1",
      "resolved": "https://registry.npmjs.org/moment/-/moment-2.29.1.tgz",
      "integrity": "sha512-kHmoybcPV8Sqy59DwNDY3Jefr64lK/by/da0ViFcuA4DH0vQg5Q6Ze5VimxkfQNSC+Mls/Kx53s7TjP1RhFEDQ=="
    },
    "moment-lunar": {
      "version": "0.0.4",
      "resolved": "https://registry.npmjs.org/moment-lunar/-/moment-lunar-0.0.4.tgz",
      "integrity": "sha512-8+20OOe4+4qpW6E74TqNYLW1Ri8C1BvJjrwsv5tm49SfQzh+b6YcPPn25xXb3JHIhYVAEwc5hvu0B7X8VdQukw==",
      "requires": {
        "moment": "^2.17.1"
      }
    }
  }
}
